Microsoft Visual Studio Solution File, Format Version 12.00
# Visual Studio Version 17
VisualStudioVersion = 17.5.2.0
MinimumVisualStudioVersion = 10.0.40219.1
Project("{FAE04EC0-301F-11D3-BF4B-00C04F79EFBC}") = "learn_Csharp", "learn_Csharp.csproj", "{90FA2CF4-0512-EDFB-3F61-ED58200C0D4A}"
EndProject
Global
	GlobalSection(SolutionConfigurationPlatforms) = preSolution
		Debug|Any CPU = Debug|Any CPU
		Release|Any CPU = Release|Any CPU
	EndGlobalSection
	GlobalSection(ProjectConfigurationPlatforms) = postSolution
		{90FA2CF4-0512-EDFB-3F61-ED58200C0D4A}.Debug|Any CPU.ActiveCfg = Debug|Any CPU
		{90FA2CF4-0512-EDFB-3F61-ED58200C0D4A}.Debug|Any CPU.Build.0 = Debug|Any CPU
		{90FA2CF4-0512-EDFB-3F61-ED58200C0D4A}.Release|Any CPU.ActiveCfg = Release|Any CPU
		{90FA2CF4-0512-EDFB-3F61-ED58200C0D4A}.Release|Any CPU.Build.0 = Release|Any CPU
	EndGlobalSection
	GlobalSection(SolutionProperties) = preSolution
		HideSolutionNode = FALSE
	EndGlobalSection
	GlobalSection(ExtensibilityGlobals) = postSolution
		SolutionGuid = {E9B93FBE-6773-4FB0-A54C-7C8023041895}
	EndGlobalSection
EndGlobal
